Microsoft Visual Studio Solution File, Format Version 12.00
# Visual Studio 2012
Project("{FAE04EC0-301F-11D3-BF4B-00C04F79EFBC}") = "COOP", "COOP.csproj", "{6FC7B2D5-CABD-40CC-B94B-82E73AD4349A}"
EndProject
Global
	GlobalSection(SolutionConfigurationPlatforms) = preSolution
	Debug|Any CPU = Debug|Any CPU
	ExportDebug|Any CPU = ExportDebug|Any CPU
	ExportRelease|Any CPU = ExportRelease|Any CPU
	EndGlobalSection
	GlobalSection(ProjectConfigurationPlatforms) = postSolution
		{6FC7B2D5-CABD-40CC-B94B-82E73AD4349A}.Debug|Any CPU.ActiveCfg = Debug|Any CPU
		{6FC7B2D5-CABD-40CC-B94B-82E73AD4349A}.Debug|Any CPU.Build.0 = Debug|Any CPU
		{6FC7B2D5-CABD-40CC-B94B-82E73AD4349A}.ExportDebug|Any CPU.ActiveCfg = ExportDebug|Any CPU
		{6FC7B2D5-CABD-40CC-B94B-82E73AD4349A}.ExportDebug|Any CPU.Build.0 = ExportDebug|Any CPU
		{6FC7B2D5-CABD-40CC-B94B-82E73AD4349A}.ExportRelease|Any CPU.ActiveCfg = ExportRelease|Any CPU
		{6FC7B2D5-CABD-40CC-B94B-82E73AD4349A}.ExportRelease|Any CPU.Build.0 = ExportRelease|Any CPU
	EndGlobalSection
EndGlobal
